
Microsoft Visual Studio Solution File, Format Version 12.00
# Visual Studio Version 17
VisualStudioVersion = 17.12.35521.163 d17.12
MinimumVisualStudioVersion = 10.0.40219.1
Project("{FAE04EC0-301F-11D3-BF4B-00C04F79EFBC}") = "Sum_CICD", "Sum_CICD\Sum_CICD.csproj", "{4E3EE67E-8715-4213-8C68-A89AE2D6CCC4}"
EndProject
Project("{FAE04EC0-301F-11D3-BF4B-00C04F79EFBC}") = "Sum_CICD.Tests", "Sum_CICD.Tests\Sum_CICD.Tests.csproj", "{195BC1C5-8C00-4A14-B9FF-DE803454569A}"
EndProject
Global
	GlobalSection(SolutionConfigurationPlatforms) = preSolution
		Debug|Any CPU = Debug|Any CPU
		Release|Any CPU = Release|Any CPU
	EndGlobalSection
	GlobalSection(ProjectConfigurationPlatforms) = postSolution
		{4E3EE67E-8715-4213-8C68-A89AE2D6CCC4}.Debug|Any CPU.ActiveCfg = Debug|Any CPU
		{4E3EE67E-8715-4213-8C68-A89AE2D6CCC4}.Debug|Any CPU.Build.0 = Debug|Any CPU
		{4E3EE67E-8715-4213-8C68-A89AE2D6CCC4}.Release|Any CPU.ActiveCfg = Release|Any CPU
		{4E3EE67E-8715-4213-8C68-A89AE2D6CCC4}.Release|Any CPU.Build.0 = Release|Any CPU
		{195BC1C5-8C00-4A14-B9FF-DE803454569A}.Debug|Any CPU.ActiveCfg = Debug|Any CPU
		{195BC1C5-8C00-4A14-B9FF-DE803454569A}.Debug|Any CPU.Build.0 = Debug|Any CPU
		{195BC1C5-8C00-4A14-B9FF-DE803454569A}.Release|Any CPU.ActiveCfg = Release|Any CPU
		{195BC1C5-8C00-4A14-B9FF-DE803454569A}.Release|Any CPU.Build.0 = Release|Any CPU
	EndGlobalSection
	GlobalSection(SolutionProperties) = preSolution
		HideSolutionNode = FALSE
	EndGlobalSection
EndGlobal
